
Microsoft Visual Studio Solution File, Format Version 12.00
# Visual Studio Version 16
VisualStudioVersion = 16.0.30413.136
MinimumVisualStudioVersion = 10.0.40219.1
Project("{FAE04EC0-301F-11D3-BF4B-00C04F79EFBC}") = "CateringVisualizer", "CateringVisualizer\CateringVisualizer.csproj", "{6C12CDA6-3E6E-47F2-8675-BCE1AC1DCD60}"
EndProject
Project("{FAE04EC0-301F-11D3-BF4B-00C04F79EFBC}") = "Catering.Data", "Catering.Data\Catering.Data.csproj", "{63D27920-EE91-46FC-9472-B5AB95E30054}"
EndProject
Project("{FAE04EC0-301F-11D3-BF4B-00C04F79EFBC}") = "Catering.Domain", "Catering.Domain\Catering.Domain.csproj", "{32EAEF54-9867-4C26-A647-448B5610AC4A}"
EndProject
Project("{FAE04EC0-301F-11D3-BF4B-00C04F79EFBC}") = "Catering", "Catering\Catering.csproj", "{E1E47F3B-C124-409F-81BC-0B74AB715609}"
EndProject
Global
	GlobalSection(SolutionConfigurationPlatforms) = preSolution
		Debug|Any CPU = Debug|Any CPU
		Release|Any CPU = Release|Any CPU
	EndGlobalSection
	GlobalSection(ProjectConfigurationPlatforms) = postSolution
		{6C12CDA6-3E6E-47F2-8675-BCE1AC1DCD60}.Debug|Any CPU.ActiveCfg = Debug|Any CPU
		{6C12CDA6-3E6E-47F2-8675-BCE1AC1DCD60}.Debug|Any CPU.Build.0 = Debug|Any CPU
		{6C12CDA6-3E6E-47F2-8675-BCE1AC1DCD60}.Release|Any CPU.ActiveCfg = Release|Any CPU
		{6C12CDA6-3E6E-47F2-8675-BCE1AC1DCD60}.Release|Any CPU.Build.0 = Release|Any CPU
		{63D27920-EE91-46FC-9472-B5AB95E30054}.Debug|Any CPU.ActiveCfg = Debug|Any CPU
		{63D27920-EE91-46FC-9472-B5AB95E30054}.Debug|Any CPU.Build.0 = Debug|Any CPU
		{63D27920-EE91-46FC-9472-B5AB95E30054}.Release|Any CPU.ActiveCfg = Release|Any CPU
		{63D27920-EE91-46FC-9472-B5AB95E30054}.Release|Any CPU.Build.0 = Release|Any CPU
		{32EAEF54-9867-4C26-A647-448B5610AC4A}.Debug|Any CPU.ActiveCfg = Debug|Any CPU
		{32EAEF54-9867-4C26-A647-448B5610AC4A}.Debug|Any CPU.Build.0 = Debug|Any CPU
		{32EAEF54-9867-4C26-A647-448B5610AC4A}.Release|Any CPU.ActiveCfg = Release|Any CPU
		{32EAEF54-9867-4C26-A647-448B5610AC4A}.Release|Any CPU.Build.0 = Release|Any CPU
		{E1E47F3B-C124-409F-81BC-0B74AB715609}.Debug|Any CPU.ActiveCfg = Debug|Any CPU
		{E1E47F3B-C124-409F-81BC-0B74AB715609}.Debug|Any CPU.Build.0 = Debug|Any CPU
		{E1E47F3B-C124-409F-81BC-0B74AB715609}.Release|Any CPU.ActiveCfg = Release|Any CPU
		{E1E47F3B-C124-409F-81BC-0B74AB715609}.Release|Any CPU.Build.0 = Release|Any CPU
	EndGlobalSection
	GlobalSection(SolutionProperties) = preSolution
		HideSolutionNode = FALSE
	EndGlobalSection
	GlobalSection(ExtensibilityGlobals) = postSolution
		SolutionGuid = {3743BEEF-8704-4251-B04B-E7A115053270}
	EndGlobalSection
EndGlobal
